
Microsoft Visual Studio Solution File, Format Version 12.00
# Visual Studio 15
Project("{FAE04EC0-301F-11D3-BF4B-00C04F79EFBC}") = "Client", "Client\Client.csproj", "{128F7FED-B724-4EAB-94F7-CDCD1E44B014}"
EndProject
Project("{FAE04EC0-301F-11D3-BF4B-00C04F79EFBC}") = "GrainInterfaces", "GrainInterfaces\GrainInterfaces.csproj", "{9A7DEBAF-E0D9-4FA1-8732-72244D1E4AFF}"
EndProject
Project("{FAE04EC0-301F-11D3-BF4B-00C04F79EFBC}") = "Grains", "Grains\Grains.csproj", "{FE0F6166-0896-4EEA-A3DB-CD454FA63C2F}"
EndProject
Project("{FAE04EC0-301F-11D3-BF4B-00C04F79EFBC}") = "Model", "DataModel\Model.csproj", "{3B465A4F-43D3-4CAC-B60E-68C29F6F9969}"
EndProject
Project("{FAE04EC0-301F-11D3-BF4B-00C04F79EFBC}") = "Silo", "Silo\Silo.csproj", "{9C328602-EC29-4E47-B07F-4C23B6ED3D3C}"
EndProject
Global
	GlobalSection(SolutionConfigurationPlatforms) = preSolution
		Debug|Any CPU = Debug|Any CPU
		Release|Any CPU = Release|Any CPU
	EndGlobalSection
	GlobalSection(ProjectConfigurationPlatforms) = postSolution
		{128F7FED-B724-4EAB-94F7-CDCD1E44B014}.Debug|Any CPU.ActiveCfg = Debug|Any CPU
		{128F7FED-B724-4EAB-94F7-CDCD1E44B014}.Debug|Any CPU.Build.0 = Debug|Any CPU
		{128F7FED-B724-4EAB-94F7-CDCD1E44B014}.Release|Any CPU.ActiveCfg = Release|Any CPU
		{128F7FED-B724-4EAB-94F7-CDCD1E44B014}.Release|Any CPU.Build.0 = Release|Any CPU
		{9A7DEBAF-E0D9-4FA1-8732-72244D1E4AFF}.Debug|Any CPU.ActiveCfg = Debug|Any CPU
		{9A7DEBAF-E0D9-4FA1-8732-72244D1E4AFF}.Debug|Any CPU.Build.0 = Debug|Any CPU
		{9A7DEBAF-E0D9-4FA1-8732-72244D1E4AFF}.Release|Any CPU.ActiveCfg = Release|Any CPU
		{9A7DEBAF-E0D9-4FA1-8732-72244D1E4AFF}.Release|Any CPU.Build.0 = Release|Any CPU
		{FE0F6166-0896-4EEA-A3DB-CD454FA63C2F}.Debug|Any CPU.ActiveCfg = Debug|Any CPU
		{FE0F6166-0896-4EEA-A3DB-CD454FA63C2F}.Debug|Any CPU.Build.0 = Debug|Any CPU
		{FE0F6166-0896-4EEA-A3DB-CD454FA63C2F}.Release|Any CPU.ActiveCfg = Release|Any CPU
		{FE0F6166-0896-4EEA-A3DB-CD454FA63C2F}.Release|Any CPU.Build.0 = Release|Any CPU
		{3B465A4F-43D3-4CAC-B60E-68C29F6F9969}.Debug|Any CPU.ActiveCfg = Debug|Any CPU
		{3B465A4F-43D3-4CAC-B60E-68C29F6F9969}.Debug|Any CPU.Build.0 = Debug|Any CPU
		{3B465A4F-43D3-4CAC-B60E-68C29F6F9969}.Release|Any CPU.ActiveCfg = Release|Any CPU
		{3B465A4F-43D3-4CAC-B60E-68C29F6F9969}.Release|Any CPU.Build.0 = Release|Any CPU
		{9C328602-EC29-4E47-B07F-4C23B6ED3D3C}.Debug|Any CPU.ActiveCfg = Debug|Any CPU
		{9C328602-EC29-4E47-B07F-4C23B6ED3D3C}.Debug|Any CPU.Build.0 = Debug|Any CPU
		{9C328602-EC29-4E47-B07F-4C23B6ED3D3C}.Release|Any CPU.ActiveCfg = Release|Any CPU
		{9C328602-EC29-4E47-B07F-4C23B6ED3D3C}.Release|Any CPU.Build.0 = Release|Any CPU
	EndGlobalSection
EndGlobal
