
Microsoft Visual Studio Solution File, Format Version 12.00
# Visual Studio 15
Project("{FAE04EC0-301F-11D3-BF4B-00C04F79EFBC}") = "Client", "Client\Client.csproj", "{FA96E0AB-5A75-4C19-82EB-C6C573155BA1}"
EndProject
Project("{FAE04EC0-301F-11D3-BF4B-00C04F79EFBC}") = "Silo", "Silo\Silo.csproj", "{D876E224-6C26-4EA4-AA8D-ABF85DD67603}"
EndProject
Project("{FAE04EC0-301F-11D3-BF4B-00C04F79EFBC}") = "Functions.Interfaces", "Functions.Interfaces\Functions.Interfaces.csproj", "{15296643-02EF-4EB8-8EC4-2968D96A5AF5}"
EndProject
Project("{FAE04EC0-301F-11D3-BF4B-00C04F79EFBC}") = "Functions.Implementations", "Functions.Implementations\Functions.Implementations.csproj", "{19B8D9DD-8460-4206-9FFD-175CEBA5C3D2}"
EndProject
Project("{FAE04EC0-301F-11D3-BF4B-00C04F79EFBC}") = "Grains.Implementations", "Grains.Implementations\Grains.Implementations.csproj", "{ECE307DD-D6B4-455B-BCD2-10EF93024180}"
EndProject
Project("{FAE04EC0-301F-11D3-BF4B-00C04F79EFBC}") = "Grains.Interfaces", "Grains.Interfaces\Grains.Interfaces.csproj", "{3292412D-443E-4C9E-B667-0CECCF25EA12}"
EndProject
Global
	GlobalSection(SolutionConfigurationPlatforms) = preSolution
		Debug|Any CPU = Debug|Any CPU
		Release|Any CPU = Release|Any CPU
	EndGlobalSection
	GlobalSection(ProjectConfigurationPlatforms) = postSolution
		{FA96E0AB-5A75-4C19-82EB-C6C573155BA1}.Debug|Any CPU.ActiveCfg = Debug|Any CPU
		{FA96E0AB-5A75-4C19-82EB-C6C573155BA1}.Debug|Any CPU.Build.0 = Debug|Any CPU
		{FA96E0AB-5A75-4C19-82EB-C6C573155BA1}.Release|Any CPU.ActiveCfg = Release|Any CPU
		{FA96E0AB-5A75-4C19-82EB-C6C573155BA1}.Release|Any CPU.Build.0 = Release|Any CPU
		{D876E224-6C26-4EA4-AA8D-ABF85DD67603}.Debug|Any CPU.ActiveCfg = Debug|Any CPU
		{D876E224-6C26-4EA4-AA8D-ABF85DD67603}.Debug|Any CPU.Build.0 = Debug|Any CPU
		{D876E224-6C26-4EA4-AA8D-ABF85DD67603}.Release|Any CPU.ActiveCfg = Release|Any CPU
		{D876E224-6C26-4EA4-AA8D-ABF85DD67603}.Release|Any CPU.Build.0 = Release|Any CPU
		{15296643-02EF-4EB8-8EC4-2968D96A5AF5}.Debug|Any CPU.ActiveCfg = Debug|Any CPU
		{15296643-02EF-4EB8-8EC4-2968D96A5AF5}.Debug|Any CPU.Build.0 = Debug|Any CPU
		{15296643-02EF-4EB8-8EC4-2968D96A5AF5}.Release|Any CPU.ActiveCfg = Release|Any CPU
		{15296643-02EF-4EB8-8EC4-2968D96A5AF5}.Release|Any CPU.Build.0 = Release|Any CPU
		{19B8D9DD-8460-4206-9FFD-175CEBA5C3D2}.Debug|Any CPU.ActiveCfg = Debug|Any CPU
		{19B8D9DD-8460-4206-9FFD-175CEBA5C3D2}.Debug|Any CPU.Build.0 = Debug|Any CPU
		{19B8D9DD-8460-4206-9FFD-175CEBA5C3D2}.Release|Any CPU.ActiveCfg = Release|Any CPU
		{19B8D9DD-8460-4206-9FFD-175CEBA5C3D2}.Release|Any CPU.Build.0 = Release|Any CPU
		{ECE307DD-D6B4-455B-BCD2-10EF93024180}.Debug|Any CPU.ActiveCfg = Debug|Any CPU
		{ECE307DD-D6B4-455B-BCD2-10EF93024180}.Debug|Any CPU.Build.0 = Debug|Any CPU
		{ECE307DD-D6B4-455B-BCD2-10EF93024180}.Release|Any CPU.ActiveCfg = Release|Any CPU
		{ECE307DD-D6B4-455B-BCD2-10EF93024180}.Release|Any CPU.Build.0 = Release|Any CPU
		{3292412D-443E-4C9E-B667-0CECCF25EA12}.Debug|Any CPU.ActiveCfg = Debug|Any CPU
		{3292412D-443E-4C9E-B667-0CECCF25EA12}.Debug|Any CPU.Build.0 = Debug|Any CPU
		{3292412D-443E-4C9E-B667-0CECCF25EA12}.Release|Any CPU.ActiveCfg = Release|Any CPU
		{3292412D-443E-4C9E-B667-0CECCF25EA12}.Release|Any CPU.Build.0 = Release|Any CPU
	EndGlobalSection
EndGlobal
